// !$*UTF8*$!
{
	archiveVersion = 1;
	classes = {
	};
	objectVersion = 50;
	objects = {

/* Begin PBXBuildFile section */
		CE0B777723FE70BF0018CDA8 /* UIView+Extension.swift in Sources */ = {isa = PBXBuildFile; fileRef = CE0B777623FE70BF0018CDA8 /* UIView+Extension.swift */; };
		CE0B777A23FE70EC0018CDA8 /* UIViewController+Extension.swift in Sources */ = {isa = PBXBuildFile; fileRef = CE0B777923FE70EC0018CDA8 /* UIViewController+Extension.swift */; };
		CE0B777E23FEDCA80018CDA8 /* ViewController.swift in Sources */ = {isa = PBXBuildFile; fileRef = CE0B777D23FEDCA80018CDA8 /* ViewController.swift */; };
		CE0D3BB523F591C700567A7D /* Configuration.swift in Sources */ = {isa = PBXBuildFile; fileRef = CE0D3BB423F591C700567A7D /* Configuration.swift */; };
		CE59BDC423F6882F003513EF /* RestOperations.swift in Sources */ = {isa = PBXBuildFile; fileRef = CE59BDC323F6882F003513EF /* RestOperations.swift */; };
		CE7C5D9F23F5689A001BC697 /* GBKSoftRestManager.h in Headers */ = {isa = PBXBuildFile; fileRef = CE7C5D9D23F5689A001BC697 /* GBKSoftRestManager.h */; settings = {ATTRIBUTES = (Public, ); }; };
		CE7C5DA623F569B7001BC697 /* RequestExecutor.swift in Sources */ = {isa = PBXBuildFile; fileRef = CE7C5DA523F569B7001BC697 /* RequestExecutor.swift */; };
		CE7C5DA823F569C3001BC697 /* ErrorInfoResult.swift in Sources */ = {isa = PBXBuildFile; fileRef = CE7C5DA723F569C3001BC697 /* ErrorInfoResult.swift */; };
		CE7C5DAA23F569C6001BC697 /* APIError.swift in Sources */ = {isa = PBXBuildFile; fileRef = CE7C5DA923F569C6001BC697 /* APIError.swift */; };
		CE7C5DAC23F569D0001BC697 /* Request.swift in Sources */ = {isa = PBXBuildFile; fileRef = CE7C5DAB23F569D0001BC697 /* Request.swift */; };
		CE7C5DAE23F569DC001BC697 /* RestURL.swift in Sources */ = {isa = PBXBuildFile; fileRef = CE7C5DAD23F569DC001BC697 /* RestURL.swift */; };
		CE7C5DB223F569EA001BC697 /* Empty.swift in Sources */ = {isa = PBXBuildFile; fileRef = CE7C5DB023F569EA001BC697 /* Empty.swift */; };
		CE7C5DB323F569EA001BC697 /* Response.swift in Sources */ = {isa = PBXBuildFile; fileRef = CE7C5DB123F569EA001BC697 /* Response.swift */; };
		CE7C5DB423F569EA001BC697 /* Pagination.swift in Sources */ = {isa = PBXBuildFile; fileRef = CE7C5DAF23F569EA001BC697 /* Pagination.swift */; };
		CE7C5DBA23F56AFD001BC697 /* KeyDecodingContainer+Extension.swift in Sources */ = {isa = PBXBuildFile; fileRef = CE7C5DB823F56AFD001BC697 /* KeyDecodingContainer+Extension.swift */; };
		CE7C5DBB23F56AFD001BC697 /* Encodable+Extension.swift in Sources */ = {isa = PBXBuildFile; fileRef = CE7C5DB923F56AFD001BC697 /* Encodable+Extension.swift */; };
		CE7C5DBE23F56BB7001BC697 /* Data+Extension.swift in Sources */ = {isa = PBXBuildFile; fileRef = CE7C5DBD23F56BB7001BC697 /* Data+Extension.swift */; };
		CE7C5DC023F56CC2001BC697 /* RestManager.swift in Sources */ = {isa = PBXBuildFile; fileRef = CE7C5DBF23F56CC2001BC697 /* RestManager.swift */; };
/* End PBXBuildFile section */

/* Begin PBXFileReference section */
		CE0B777623FE70BF0018CDA8 /* UIView+Extension.swift */ = {isa = PBXFileReference; lastKnownFileType = sourcecode.swift; path = "UIView+Extension.swift"; sourceTree = "<group>"; };
		CE0B777923FE70EC0018CDA8 /* UIViewController+Extension.swift */ = {isa = PBXFileReference; lastKnownFileType = sourcecode.swift; path = "UIViewController+Extension.swift"; sourceTree = "<group>"; };
		CE0B777D23FEDCA80018CDA8 /* ViewController.swift */ = {isa = PBXFileReference; lastKnownFileType = sourcecode.swift; path = ViewController.swift; sourceTree = "<group>"; };
		CE0D3BB423F591C700567A7D /* Configuration.swift */ = {isa = PBXFileReference; lastKnownFileType = sourcecode.swift; path = Configuration.swift; sourceTree = "<group>"; };
		CE59BDC323F6882F003513EF /* RestOperations.swift */ = {isa = PBXFileReference; lastKnownFileType = sourcecode.swift; path = RestOperations.swift; sourceTree = "<group>"; };
		CE7C5D9A23F5689A001BC697 /* GBKSoftRestManager.framework */ = {isa = PBXFileReference; explicitFileType = wrapper.framework; includeInIndex = 0; path = GBKSoftRestManager.framework; sourceTree = BUILT_PRODUCTS_DIR; };
		CE7C5D9D23F5689A001BC697 /* GBKSoftRestManager.h */ = {isa = PBXFileReference; lastKnownFileType = sourcecode.c.h; path = GBKSoftRestManager.h; sourceTree = "<group>"; };
		CE7C5D9E23F5689A001BC697 /* Info.plist */ = {isa = PBXFileReference; lastKnownFileType = text.plist.xml; path = Info.plist; sourceTree = "<group>"; };
		CE7C5DA523F569B7001BC697 /* RequestExecutor.swift */ = {isa = PBXFileReference; lastKnownFileType = sourcecode.swift; path = RequestExecutor.swift; sourceTree = "<group>"; };
		CE7C5DA723F569C3001BC697 /* ErrorInfoResult.swift */ = {isa = PBXFileReference; lastKnownFileType = sourcecode.swift; path = ErrorInfoResult.swift; sourceTree = "<group>"; };
		CE7C5DA923F569C6001BC697 /* APIError.swift */ = {isa = PBXFileReference; lastKnownFileType = sourcecode.swift; path = APIError.swift; sourceTree = "<group>"; };
		CE7C5DAB23F569D0001BC697 /* Request.swift */ = {isa = PBXFileReference; lastKnownFileType = sourcecode.swift; path = Request.swift; sourceTree = "<group>"; };
		CE7C5DAD23F569DC001BC697 /* RestURL.swift */ = {isa = PBXFileReference; lastKnownFileType = sourcecode.swift; path = RestURL.swift; sourceTree = "<group>"; };
		CE7C5DAF23F569EA001BC697 /* Pagination.swift */ = {isa = PBXFileReference; lastKnownFileType = sourcecode.swift; path = Pagination.swift; sourceTree = "<group>"; };
		CE7C5DB023F569EA001BC697 /* Empty.swift */ = {isa = PBXFileReference; lastKnownFileType = sourcecode.swift; path = Empty.swift; sourceTree = "<group>"; };
		CE7C5DB123F569EA001BC697 /* Response.swift */ = {isa = PBXFileReference; lastKnownFileType = sourcecode.swift; path = Response.swift; sourceTree = "<group>"; };
		CE7C5DB823F56AFD001BC697 /* KeyDecodingContainer+Extension.swift */ = {isa = PBXFileReference; lastKnownFileType = sourcecode.swift; path = "KeyDecodingContainer+Extension.swift"; sourceTree = "<group>"; };
		CE7C5DB923F56AFD001BC697 /* Encodable+Extension.swift */ = {isa = PBXFileReference; lastKnownFileType = sourcecode.swift; path = "Encodable+Extension.swift"; sourceTree = "<group>"; };
		CE7C5DBD23F56BB7001BC697 /* Data+Extension.swift */ = {isa = PBXFileReference; lastKnownFileType = sourcecode.swift; path = "Data+Extension.swift"; sourceTree = "<group>"; };
		CE7C5DBF23F56CC2001BC697 /* RestManager.swift */ = {isa = PBXFileReference; lastKnownFileType = sourcecode.swift; path = RestManager.swift; sourceTree = "<group>"; };
/* End PBXFileReference section */

/* Begin PBXFrameworksBuildPhase section */
		CE7C5D9723F5689A001BC697 /* Frameworks */ = {
			isa = PBXFrameworksBuildPhase;
			buildActionMask = 2147483647;
			files = (
			);
			runOnlyForDeploymentPostprocessing = 0;
		};
/* End PBXFrameworksBuildPhase section */

/* Begin PBXGroup section */
		CE59BDC223F68803003513EF /* Protocols */ = {
			isa = PBXGroup;
			children = (
				CE59BDC323F6882F003513EF /* RestOperations.swift */,
			);
			path = Protocols;
			sourceTree = "<group>";
		};
		CE7C5D9023F5689A001BC697 = {
			isa = PBXGroup;
			children = (
				CE7C5D9C23F5689A001BC697 /* GBKSoftRestManager */,
				CE7C5D9B23F5689A001BC697 /* Products */,
			);
			sourceTree = "<group>";
		};
		CE7C5D9B23F5689A001BC697 /* Products */ = {
			isa = PBXGroup;
			children = (
				CE7C5D9A23F5689A001BC697 /* GBKSoftRestManager.framework */,
			);
			name = Products;
			sourceTree = "<group>";
		};
		CE7C5D9C23F5689A001BC697 /* GBKSoftRestManager */ = {
			isa = PBXGroup;
			children = (
				CE59BDC223F68803003513EF /* Protocols */,
				CE7C5DBC23F56B01001BC697 /* Extensions */,
				CE7C5DB723F56A76001BC697 /* Models */,
				CE7C5DB623F56A6E001BC697 /* Helpers */,
				CE7C5DB523F56A5F001BC697 /* Manager */,
				CE7C5D9D23F5689A001BC697 /* GBKSoftRestManager.h */,
				CE7C5D9E23F5689A001BC697 /* Info.plist */,
				CE0B777D23FEDCA80018CDA8 /* ViewController.swift */,
			);
			path = GBKSoftRestManager;
			sourceTree = "<group>";
		};
		CE7C5DB523F56A5F001BC697 /* Manager */ = {
			isa = PBXGroup;
			children = (
				CE7C5DA523F569B7001BC697 /* RequestExecutor.swift */,
				CE7C5DBF23F56CC2001BC697 /* RestManager.swift */,
			);
			path = Manager;
			sourceTree = "<group>";
		};
		CE7C5DB623F56A6E001BC697 /* Helpers */ = {
			isa = PBXGroup;
			children = (
				CE0D3BB423F591C700567A7D /* Configuration.swift */,
				CE7C5DA923F569C6001BC697 /* APIError.swift */,
				CE7C5DAB23F569D0001BC697 /* Request.swift */,
				CE7C5DAD23F569DC001BC697 /* RestURL.swift */,
			);
			path = Helpers;
			sourceTree = "<group>";
		};
		CE7C5DB723F56A76001BC697 /* Models */ = {
			isa = PBXGroup;
			children = (
				CE7C5DB023F569EA001BC697 /* Empty.swift */,
				CE7C5DA723F569C3001BC697 /* ErrorInfoResult.swift */,
				CE7C5DAF23F569EA001BC697 /* Pagination.swift */,
				CE7C5DB123F569EA001BC697 /* Response.swift */,
			);
			path = Models;
			sourceTree = "<group>";
		};
		CE7C5DBC23F56B01001BC697 /* Extensions */ = {
			isa = PBXGroup;
			children = (
				CE7C5DBD23F56BB7001BC697 /* Data+Extension.swift */,
				CE7C5DB923F56AFD001BC697 /* Encodable+Extension.swift */,
				CE7C5DB823F56AFD001BC697 /* KeyDecodingContainer+Extension.swift */,
				CE0B777623FE70BF0018CDA8 /* UIView+Extension.swift */,
				CE0B777923FE70EC0018CDA8 /* UIViewController+Extension.swift */,
			);
			path = Extensions;
			sourceTree = "<group>";
		};
/* End PBXGroup section */

/* Begin PBXHeadersBuildPhase section */
		CE7C5D9523F5689A001BC697 /* Headers */ = {
			isa = PBXHeadersBuildPhase;
			buildActionMask = 2147483647;
			files = (
				CE7C5D9F23F5689A001BC697 /* GBKSoftRestManager.h in Headers */,
			);
			runOnlyForDeploymentPostprocessing = 0;
		};
/* End PBXHeadersBuildPhase section */

/* Begin PBXNativeTarget section */
		CE7C5D9923F5689A001BC697 /* GBKSoftRestManager */ = {
			isa = PBXNativeTarget;
			buildConfigurationList = CE7C5DA223F5689A001BC697 /* Build configuration list for PBXNativeTarget "GBKSoftRestManager" */;
			buildPhases = (
				CE7C5D9523F5689A001BC697 /* Headers */,
				CE7C5D9623F5689A001BC697 /* Sources */,
				CE7C5D9723F5689A001BC697 /* Frameworks */,
				CE7C5D9823F5689A001BC697 /* Resources */,
			);
			buildRules = (
			);
			dependencies = (
			);
			name = GBKSoftRestManager;
			productName = GBKSoftRestManager;
			productReference = CE7C5D9A23F5689A001BC697 /* GBKSoftRestManager.framework */;
			productType = "com.apple.product-type.framework";
		};
/* End PBXNativeTarget section */

/* Begin PBXProject section */
		CE7C5D9123F5689A001BC697 /* Project object */ = {
			isa = PBXProject;
			attributes = {
				LastUpgradeCheck = 1130;
				ORGANIZATIONNAME = GBKSoft;
				TargetAttributes = {
					CE7C5D9923F5689A001BC697 = {
						CreatedOnToolsVersion = 11.3.1;
					};
				};
			};
			buildConfigurationList = CE7C5D9423F5689A001BC697 /* Build configuration list for PBXProject "GBKSoftRestManager" */;
			compatibilityVersion = "Xcode 9.3";
			developmentRegion = en;
			hasScannedForEncodings = 0;
			knownRegions = (
				en,
				Base,
			);
			mainGroup = CE7C5D9023F5689A001BC697;
			productRefGroup = CE7C5D9B23F5689A001BC697 /* Products */;
			projectDirPath = "";
			projectRoot = "";
			targets = (
				CE7C5D9923F5689A001BC697 /* GBKSoftRestManager */,
			);
		};
/* End PBXProject section */

/* Begin PBXResourcesBuildPhase section */
		CE7C5D9823F5689A001BC697 /* Resources */ = {
			isa = PBXResourcesBuildPhase;
			buildActionMask = 2147483647;
			files = (
			);
			runOnlyForDeploymentPostprocessing = 0;
		};
/* End PBXResourcesBuildPhase section */

/* Begin PBXSourcesBuildPhase section */
		CE7C5D9623F5689A001BC697 /* Sources */ = {
			isa = PBXSourcesBuildPhase;
			buildActionMask = 2147483647;
			files = (
				CE0B777A23FE70EC0018CDA8 /* UIViewController+Extension.swift in Sources */,
				CE7C5DA823F569C3001BC697 /* ErrorInfoResult.swift in Sources */,
				CE7C5DAC23F569D0001BC697 /* Request.swift in Sources */,
				CE7C5DB323F569EA001BC697 /* Response.swift in Sources */,
				CE0B777723FE70BF0018CDA8 /* UIView+Extension.swift in Sources */,
				CE59BDC423F6882F003513EF /* RestOperations.swift in Sources */,
				CE7C5DBB23F56AFD001BC697 /* Encodable+Extension.swift in Sources */,
				CE7C5DB423F569EA001BC697 /* Pagination.swift in Sources */,
				CE7C5DBA23F56AFD001BC697 /* KeyDecodingContainer+Extension.swift in Sources */,
				CE0B777E23FEDCA80018CDA8 /* ViewController.swift in Sources */,
				CE7C5DA623F569B7001BC697 /* RequestExecutor.swift in Sources */,
				CE0D3BB523F591C700567A7D /* Configuration.swift in Sources */,
				CE7C5DAA23F569C6001BC697 /* APIError.swift in Sources */,
				CE7C5DBE23F56BB7001BC697 /* Data+Extension.swift in Sources */,
				CE7C5DC023F56CC2001BC697 /* RestManager.swift in Sources */,
				CE7C5DAE23F569DC001BC697 /* RestURL.swift in Sources */,
				CE7C5DB223F569EA001BC697 /* Empty.swift in Sources */,
			);
			runOnlyForDeploymentPostprocessing = 0;
		};
/* End PBXSourcesBuildPhase section */

/* Begin XCBuildConfiguration section */
		CE7C5DA023F5689A001BC697 /* Debug */ = {
			isa = XCBuildConfiguration;
			buildSettings = {
				ALWAYS_SEARCH_USER_PATHS = NO;
				CLANG_ANALYZER_NONNULL = YES;
				CLANG_ANALYZER_NUMBER_OBJECT_CONVERSION = YES_AGGRESSIVE;
				CLANG_CXX_LANGUAGE_STANDARD = "gnu++14";
				CLANG_CXX_LIBRARY = "libc++";
				CLANG_ENABLE_MODULES = YES;
				CLANG_ENABLE_OBJC_ARC = YES;
				CLANG_ENABLE_OBJC_WEAK = YES;
				CLANG_WARN_BLOCK_CAPTURE_AUTORELEASING = YES;
				CLANG_WARN_BOOL_CONVERSION = YES;
				CLANG_WARN_COMMA = YES;
				CLANG_WARN_CONSTANT_CONVERSION = YES;
				CLANG_WARN_DEPRECATED_OBJC_IMPLEMENTATIONS = YES;
				CLANG_WARN_DIRECT_OBJC_ISA_USAGE = YES_ERROR;
				CLANG_WARN_DOCUMENTATION_COMMENTS = YES;
				CLANG_WARN_EMPTY_BODY = YES;
				CLANG_WARN_ENUM_CONVERSION = YES;
				CLANG_WARN_INFINITE_RECURSION = YES;
				CLANG_WARN_INT_CONVERSION = YES;
				CLANG_WARN_NON_LITERAL_NULL_CONVERSION = YES;
				CLANG_WARN_OBJC_IMPLICIT_RETAIN_SELF = YES;
				CLANG_WARN_OBJC_LITERAL_CONVERSION = YES;
				CLANG_WARN_OBJC_ROOT_CLASS = YES_ERROR;
				CLANG_WARN_RANGE_LOOP_ANALYSIS = YES;
				CLANG_WARN_STRICT_PROTOTYPES = YES;
				CLANG_WARN_SUSPICIOUS_MOVE = YES;
				CLANG_WARN_UNGUARDED_AVAILABILITY = YES_AGGRESSIVE;
				CLANG_WARN_UNREACHABLE_CODE = YES;
				CLANG_WARN__DUPLICATE_METHOD_MATCH = YES;
				COPY_PHASE_STRIP = NO;
				CURRENT_PROJECT_VERSION = 1;
				DEBUG_INFORMATION_FORMAT = dwarf;
				ENABLE_STRICT_OBJC_MSGSEND = YES;
				ENABLE_TESTABILITY = YES;
				GCC_C_LANGUAGE_STANDARD = gnu11;
				GCC_DYNAMIC_NO_PIC = NO;
				GCC_NO_COMMON_BLOCKS = YES;
				GCC_OPTIMIZATION_LEVEL = 0;
				GCC_PREPROCESSOR_DEFINITIONS = (
					"DEBUG=1",
					"$(inherited)",
				);
				GCC_WARN_64_TO_32_BIT_CONVERSION = YES;
				GCC_WARN_ABOUT_RETURN_TYPE = YES_ERROR;
				GCC_WARN_UNDECLARED_SELECTOR = YES;
				GCC_WARN_UNINITIALIZED_AUTOS = YES_AGGRESSIVE;
				GCC_WARN_UNUSED_FUNCTION = YES;
				GCC_WARN_UNUSED_VARIABLE = YES;
				IPHONEOS_DEPLOYMENT_TARGET = 13.2;
				MTL_ENABLE_DEBUG_INFO = INCLUDE_SOURCE;
				MTL_FAST_MATH = YES;
				ONLY_ACTIVE_ARCH = YES;
				SDKROOT = iphoneos;
				SWIFT_ACTIVE_COMPILATION_CONDITIONS = DEBUG;
				SWIFT_OPTIMIZATION_LEVEL = "-Onone";
				VERSIONING_SYSTEM = "apple-generic";
				VERSION_INFO_PREFIX = "";
			};
			name = Debug;
		};
		CE7C5DA123F5689A001BC697 /* Release */ = {
			isa = XCBuildConfiguration;
			buildSettings = {
				ALWAYS_SEARCH_USER_PATHS = NO;
				CLANG_ANALYZER_NONNULL = YES;
				CLANG_ANALYZER_NUMBER_OBJECT_CONVERSION = YES_AGGRESSIVE;
				CLANG_CXX_LANGUAGE_STANDARD = "gnu++14";
				CLANG_CXX_LIBRARY = "libc++";
				CLANG_ENABLE_MODULES = YES;
				CLANG_ENABLE_OBJC_ARC = YES;
				CLANG_ENABLE_OBJC_WEAK = YES;
				CLANG_WARN_BLOCK_CAPTURE_AUTORELEASING = YES;
				CLANG_WARN_BOOL_CONVERSION = YES;
				CLANG_WARN_COMMA = YES;
				CLANG_WARN_CONSTANT_CONVERSION = YES;
				CLANG_WARN_DEPRECATED_OBJC_IMPLEMENTATIONS = YES;
				CLANG_WARN_DIRECT_OBJC_ISA_USAGE = YES_ERROR;
				CLANG_WARN_DOCUMENTATION_COMMENTS = YES;
				CLANG_WARN_EMPTY_BODY = YES;
				CLANG_WARN_ENUM_CONVERSION = YES;
				CLANG_WARN_INFINITE_RECURSION = YES;
				CLANG_WARN_INT_CONVERSION = YES;
				CLANG_WARN_NON_LITERAL_NULL_CONVERSION = YES;
				CLANG_WARN_OBJC_IMPLICIT_RETAIN_SELF = YES;
				CLANG_WARN_OBJC_LITERAL_CONVERSION = YES;
				CLANG_WARN_OBJC_ROOT_CLASS = YES_ERROR;
				CLANG_WARN_RANGE_LOOP_ANALYSIS = YES;
				CLANG_WARN_STRICT_PROTOTYPES = YES;
				CLANG_WARN_SUSPICIOUS_MOVE = YES;
				CLANG_WARN_UNGUARDED_AVAILABILITY = YES_AGGRESSIVE;
				CLANG_WARN_UNREACHABLE_CODE = YES;
				CLANG_WARN__DUPLICATE_METHOD_MATCH = YES;
				COPY_PHASE_STRIP = NO;
				CURRENT_PROJECT_VERSION = 1;
				DEBUG_INFORMATION_FORMAT = "dwarf-with-dsym";
				ENABLE_NS_ASSERTIONS = NO;
				ENABLE_STRICT_OBJC_MSGSEND = YES;
				GCC_C_LANGUAGE_STANDARD = gnu11;
				GCC_NO_COMMON_BLOCKS = YES;
				GCC_WARN_64_TO_32_BIT_CONVERSION = YES;
				GCC_WARN_ABOUT_RETURN_TYPE = YES_ERROR;
				GCC_WARN_UNDECLARED_SELECTOR = YES;
				GCC_WARN_UNINITIALIZED_AUTOS = YES_AGGRESSIVE;
				GCC_WARN_UNUSED_FUNCTION = YES;
				GCC_WARN_UNUSED_VARIABLE = YES;
				IPHONEOS_DEPLOYMENT_TARGET = 13.2;
				MTL_ENABLE_DEBUG_INFO = NO;
				MTL_FAST_MATH = YES;
				SDKROOT = iphoneos;
				SWIFT_COMPILATION_MODE = wholemodule;
				SWIFT_OPTIMIZATION_LEVEL = "-O";
				VALIDATE_PRODUCT = YES;
				VERSIONING_SYSTEM = "apple-generic";
				VERSION_INFO_PREFIX = "";
			};
			name = Release;
		};
		CE7C5DA323F5689A001BC697 /* Debug */ = {
			isa = XCBuildConfiguration;
			buildSettings = {
				CODE_SIGN_STYLE = Automatic;
				DEFINES_MODULE = YES;
				DEVELOPMENT_TEAM = L7XDW9NEX9;
				DYLIB_COMPATIBILITY_VERSION = 1;
				DYLIB_CURRENT_VERSION = 1;
				DYLIB_INSTALL_NAME_BASE = "@rpath";
				INFOPLIST_FILE = GBKSoftRestManager/Info.plist;
				INSTALL_PATH = "$(LOCAL_LIBRARY_DIR)/Frameworks";
				LD_RUNPATH_SEARCH_PATHS = (
					"$(inherited)",
					"@executable_path/Frameworks",
					"@loader_path/Frameworks",
				);
				PRODUCT_BUNDLE_IDENTIFIER = com.gbksoft.GBKSoftRestManager;
				PRODUCT_NAME = "$(TARGET_NAME:c99extidentifier)";
				SKIP_INSTALL = YES;
				SUPPORTS_MACCATALYST = NO;
				SWIFT_VERSION = 5.0;
				TARGETED_DEVICE_FAMILY = "1,2";
			};
			name = Debug;
		};
		CE7C5DA423F5689A001BC697 /* Release */ = {
			isa = XCBuildConfiguration;
			buildSettings = {
				CODE_SIGN_STYLE = Automatic;
				DEFINES_MODULE = YES;
				DEVELOPMENT_TEAM = L7XDW9NEX9;
				DYLIB_COMPATIBILITY_VERSION = 1;
				DYLIB_CURRENT_VERSION = 1;
				DYLIB_INSTALL_NAME_BASE = "@rpath";
				INFOPLIST_FILE = GBKSoftRestManager/Info.plist;
				INSTALL_PATH = "$(LOCAL_LIBRARY_DIR)/Frameworks";
				LD_RUNPATH_SEARCH_PATHS = (
					"$(inherited)",
					"@executable_path/Frameworks",
					"@loader_path/Frameworks",
				);
				PRODUCT_BUNDLE_IDENTIFIER = com.gbksoft.GBKSoftRestManager;
				PRODUCT_NAME = "$(TARGET_NAME:c99extidentifier)";
				SKIP_INSTALL = YES;
				SUPPORTS_MACCATALYST = NO;
				SWIFT_VERSION = 5.0;
				TARGETED_DEVICE_FAMILY = "1,2";
			};
			name = Release;
		};
/* End XCBuildConfiguration section */

/* Begin XCConfigurationList section */
		CE7C5D9423F5689A001BC697 /* Build configuration list for PBXProject "GBKSoftRestManager" */ = {
			isa = XCConfigurationList;
			buildConfigurations = (
				CE7C5DA023F5689A001BC697 /* Debug */,
				CE7C5DA123F5689A001BC697 /* Release */,
			);
			defaultConfigurationIsVisible = 0;
			defaultConfigurationName = Release;
		};
		CE7C5DA223F5689A001BC697 /* Build configuration list for PBXNativeTarget "GBKSoftRestManager" */ = {
			isa = XCConfigurationList;
			buildConfigurations = (
				CE7C5DA323F5689A001BC697 /* Debug */,
				CE7C5DA423F5689A001BC697 /* Release */,
			);
			defaultConfigurationIsVisible = 0;
			defaultConfigurationName = Release;
		};
/* End XCConfigurationList section */
	};
	rootObject = CE7C5D9123F5689A001BC697 /* Project object */;
}
